<?xml version="1.0" encoding="utf-8"?>
<Project ToolsVersion="4.0" xmlns="http://schemas.microsoft.com/developer/msbuild/2003">
  <ItemGroup>
    <Filter Include="소스 파일">
      <UniqueIdentifier>{4FC737F1-C7A5-4376-A066-2A32D752A2FF}</UniqueIdentifier>
      <Extensions>cpp;c;cc;cxx;c++;cppm;ixx;def;odl;idl;hpj;bat;asm;asmx</Extensions>
    </Filter>
    <Filter Include="헤더 파일">
      <UniqueIdentifier>{93995380-89BD-4b04-88EB-625FBE52EBFB}</UniqueIdentifier>
      <Extensions>h;hh;hpp;hxx;h++;hm;inl;inc;ipp;xsd</Extensions>
    </Filter>
    <Filter Include="리소스 파일">
      <UniqueIdentifier>{67DA6AB6-F800-4c08-8B7A-83BB121AAD01}</UniqueIdentifier>
      <Extensions>rc;ico;cur;bmp;dlg;rc2;rct;bin;rgs;gif;jpg;jpeg;jpe;resx;tiff;tif;png;wav;mfcribbon-ms</Extensions>
    </Filter>
  </ItemGroup>
  <ItemGroup>
    <ClCompile Include="Main.cpp">
      <Filter>소스 파일</Filter>
    </ClCompile>
    <ClCompile Include="GameManager.cpp">
      <Filter>소스 파일</Filter>
    </ClCompile>
    <ClCompile Include="SceneManager.cpp">
      <Filter>소스 파일</Filter>
    </ClCompile>
    <ClCompile Include="BaseScene.cpp">
      <Filter>소스 파일</Filter>
    </ClCompile>
    <ClCompile Include="IntroScene.cpp">
      <Filter>소스 파일</Filter>
    </ClCompile>
    <ClCompile Include="Utility.cpp">
      <Filter>소스 파일</Filter>
    </ClCompile>
    <ClCompile Include="InfoScene.cpp">
      <Filter>소스 파일</Filter>
    </ClCompile>
    <ClCompile Include="CreditScene.cpp">
      <Filter>소스 파일</Filter>
    </ClCompile>
    <ClCompile Include="EndingScene.cpp">
      <Filter>소스 파일</Filter>
    </ClCompile>
    <ClCompile Include="MainScene.cpp">
      <Filter>소스 파일</Filter>
    </ClCompile>
    <ClCompile Include="Player.cpp">
      <Filter>소스 파일</Filter>
    </ClCompile>
    <ClCompile Include="Entity.cpp">
      <Filter>소스 파일</Filter>
    </ClCompile>
    <ClCompile Include="ActiveSkill.cpp">
      <Filter>소스 파일</Filter>
    </ClCompile>
    <ClCompile Include="Skill.cpp">
      <Filter>소스 파일</Filter>
    </ClCompile>
    <ClCompile Include="ItemSkill.cpp">
      <Filter>소스 파일</Filter>
    </ClCompile>
    <ClCompile Include="BoosterShot.cpp">
      <Filter>소스 파일</Filter>
    </ClCompile>
    <ClCompile Include="Protecter.cpp">
      <Filter>소스 파일</Filter>
    </ClCompile>
    <ClCompile Include="Shoes.cpp">
      <Filter>소스 파일</Filter>
    </ClCompile>
    <ClCompile Include="NurseMajorBook.cpp">
      <Filter>소스 파일</Filter>
    </ClCompile>
    <ClCompile Include="MeleeAttackSkill.cpp">
      <Filter>소스 파일</Filter>
    </ClCompile>
    <ClCompile Include="AlcoholSpray.cpp">
      <Filter>소스 파일</Filter>
    </ClCompile>
    <ClCompile Include="AbilityManager.cpp">
      <Filter>소스 파일</Filter>
    </ClCompile>
    <ClCompile Include="Enemy.cpp">
      <Filter>소스 파일</Filter>
    </ClCompile>
    <ClCompile Include="Nuclear.cpp">
      <Filter>소스 파일</Filter>
    </ClCompile>
    <ClCompile Include="Ink.cpp">
      <Filter>소스 파일</Filter>
    </ClCompile>
    <ClCompile Include="Meat.cpp">
      <Filter>소스 파일</Filter>
    </ClCompile>
    <ClCompile Include="spiderWeb.cpp">
      <Filter>소스 파일</Filter>
    </ClCompile>
    <ClCompile Include="KF94Mask.cpp">
      <Filter>소스 파일</Filter>
    </ClCompile>
    <ClCompile Include="MainScene2.cpp">
      <Filter>소스 파일</Filter>
    </ClCompile>
    <ClCompile Include="Bullet.cpp">
      <Filter>소스 파일</Filter>
    </ClCompile>
    <ClCompile Include="MainScene2Intro.cpp">
      <Filter>소스 파일</Filter>
    </ClCompile>
    <ClCompile Include="BossSceneIntro.cpp">
      <Filter>소스 파일</Filter>
    </ClCompile>
    <ClCompile Include="BossScene.cpp">
      <Filter>소스 파일</Filter>
    </ClCompile>
    <ClCompile Include="Boss.cpp">
      <Filter>소스 파일</Filter>
    </ClCompile>
    <ClCompile Include="BossPattern.cpp">
      <Filter>소스 파일</Filter>
    </ClCompile>
    <ClCompile Include="ClearScene.cpp">
      <Filter>소스 파일</Filter>
    </ClCompile>
    <ClCompile Include="BossPatternEnemy.cpp">
      <Filter>소스 파일</Filter>
    </ClCompile>
    <ClCompile Include="StrongEnemy.cpp">
      <Filter>소스 파일</Filter>
    </ClCompile>
  </ItemGroup>
  <ItemGroup>
    <ClInclude Include="const.h">
      <Filter>헤더 파일</Filter>
    </ClInclude>
    <ClInclude Include="GameManager.h">
      <Filter>헤더 파일</Filter>
    </ClInclude>
    <ClInclude Include="SceneManager.h">
      <Filter>헤더 파일</Filter>
    </ClInclude>
    <ClInclude Include="BaseScene.h">
      <Filter>헤더 파일</Filter>
    </ClInclude>
    <ClInclude Include="IntroScene.h">
      <Filter>헤더 파일</Filter>
    </ClInclude>
    <ClInclude Include="InfoScene.h">
      <Filter>헤더 파일</Filter>
    </ClInclude>
    <ClInclude Include="CreditScene.h">
      <Filter>헤더 파일</Filter>
    </ClInclude>
    <ClInclude Include="EndingScene.h">
      <Filter>헤더 파일</Filter>
    </ClInclude>
    <ClInclude Include="MainScene.h">
      <Filter>헤더 파일</Filter>
    </ClInclude>
    <ClInclude Include="Player.h">
      <Filter>헤더 파일</Filter>
    </ClInclude>
    <ClInclude Include="Entity.h">
      <Filter>헤더 파일</Filter>
    </ClInclude>
    <ClInclude Include="Utility.h">
      <Filter>헤더 파일</Filter>
    </ClInclude>
    <ClInclude Include="ActiveSkill.h">
      <Filter>헤더 파일</Filter>
    </ClInclude>
    <ClInclude Include="Skill.h">
      <Filter>헤더 파일</Filter>
    </ClInclude>
    <ClInclude Include="AlcoholSpray.h">
      <Filter>헤더 파일</Filter>
    </ClInclude>
    <ClInclude Include="ItemSkill.h">
      <Filter>헤더 파일</Filter>
    </ClInclude>
    <ClInclude Include="BoosterShot.h">
      <Filter>헤더 파일</Filter>
    </ClInclude>
    <ClInclude Include="Shoes.h">
      <Filter>헤더 파일</Filter>
    </ClInclude>
    <ClInclude Include="Protecter.h">
      <Filter>헤더 파일</Filter>
    </ClInclude>
    <ClInclude Include="NurseMajorBook.h">
      <Filter>헤더 파일</Filter>
    </ClInclude>
    <ClInclude Include="MeleeAttackSkill.h">
      <Filter>헤더 파일</Filter>
    </ClInclude>
    <ClInclude Include="AbilityManager.h">
      <Filter>헤더 파일</Filter>
    </ClInclude>
    <ClInclude Include="Enemy.h">
      <Filter>헤더 파일</Filter>
    </ClInclude>
    <ClInclude Include="Nuclear.h">
      <Filter>헤더 파일</Filter>
    </ClInclude>
    <ClInclude Include="Ink.h">
      <Filter>헤더 파일</Filter>
    </ClInclude>
    <ClInclude Include="Meat.h">
      <Filter>헤더 파일</Filter>
    </ClInclude>
    <ClInclude Include="spiderWeb.h">
      <Filter>헤더 파일</Filter>
    </ClInclude>
    <ClInclude Include="KF94Mask.h">
      <Filter>헤더 파일</Filter>
    </ClInclude>
    <ClInclude Include="MainScene2.h">
      <Filter>헤더 파일</Filter>
    </ClInclude>
    <ClInclude Include="bullet.h">
      <Filter>헤더 파일</Filter>
    </ClInclude>
    <ClInclude Include="MainScene2Intro.h">
      <Filter>헤더 파일</Filter>
    </ClInclude>
    <ClInclude Include="BossSceneIntro.h">
      <Filter>헤더 파일</Filter>
    </ClInclude>
    <ClInclude Include="BossScene.h">
      <Filter>헤더 파일</Filter>
    </ClInclude>
    <ClInclude Include="Boss.h">
      <Filter>헤더 파일</Filter>
    </ClInclude>
    <ClInclude Include="BossPattern.h">
      <Filter>헤더 파일</Filter>
    </ClInclude>
    <ClInclude Include="ClearScene.h">
      <Filter>헤더 파일</Filter>
    </ClInclude>
    <ClInclude Include="BossPatternEnemy.h">
      <Filter>헤더 파일</Filter>
    </ClInclude>
    <ClInclude Include="StrongEnemy.h">
      <Filter>헤더 파일</Filter>
    </ClInclude>
  </ItemGroup>
</Project>